
Microsoft Visual Studio Solution File, Format Version 12.00
# Visual Studio 15
VisualStudioVersion = 15.0.27130.2010
MinimumVisualStudioVersion = 10.0.40219.1
Project("{FAE04EC0-301F-11D3-BF4B-00C04F79EFBC}") = "Administrador", "Administrador\Administrador.csproj", "{65779F3C-C284-481B-B61B-116EE137A697}"
EndProject
Project("{FAE04EC0-301F-11D3-BF4B-00C04F79EFBC}") = "Bank_tests", "Bank_tests\Bank_tests.csproj", "{130B66FA-F2B1-42B7-899D-DA65DB27DF8E}"
EndProject
Project("{FAE04EC0-301F-11D3-BF4B-00C04F79EFBC}") = "Distribuidora", "Distribuidora\Distribuidora.csproj", "{5F71A1C8-21A0-425A-9818-6B8F7F07A929}"
EndProject
Global
	GlobalSection(SolutionConfigurationPlatforms) = preSolution
		Debug|Any CPU = Debug|Any CPU
		Release|Any CPU = Release|Any CPU
	EndGlobalSection
	GlobalSection(ProjectConfigurationPlatforms) = postSolution
		{65779F3C-C284-481B-B61B-116EE137A697}.Debug|Any CPU.ActiveCfg = Debug|Any CPU
		{65779F3C-C284-481B-B61B-116EE137A697}.Debug|Any CPU.Build.0 = Debug|Any CPU
		{65779F3C-C284-481B-B61B-116EE137A697}.Release|Any CPU.ActiveCfg = Release|Any CPU
		{65779F3C-C284-481B-B61B-116EE137A697}.Release|Any CPU.Build.0 = Release|Any CPU
		{130B66FA-F2B1-42B7-899D-DA65DB27DF8E}.Debug|Any CPU.ActiveCfg = Debug|Any CPU
		{130B66FA-F2B1-42B7-899D-DA65DB27DF8E}.Debug|Any CPU.Build.0 = Debug|Any CPU
		{130B66FA-F2B1-42B7-899D-DA65DB27DF8E}.Release|Any CPU.ActiveCfg = Release|Any CPU
		{130B66FA-F2B1-42B7-899D-DA65DB27DF8E}.Release|Any CPU.Build.0 = Release|Any CPU
		{5F71A1C8-21A0-425A-9818-6B8F7F07A929}.Debug|Any CPU.ActiveCfg = Debug|Any CPU
		{5F71A1C8-21A0-425A-9818-6B8F7F07A929}.Debug|Any CPU.Build.0 = Debug|Any CPU
		{5F71A1C8-21A0-425A-9818-6B8F7F07A929}.Release|Any CPU.ActiveCfg = Release|Any CPU
		{5F71A1C8-21A0-425A-9818-6B8F7F07A929}.Release|Any CPU.Build.0 = Release|Any CPU
	EndGlobalSection
	GlobalSection(SolutionProperties) = preSolution
		HideSolutionNode = FALSE
	EndGlobalSection
	GlobalSection(ExtensibilityGlobals) = postSolution
		SolutionGuid = {92F9C4DE-BBA3-4064-9E76-BEC6E96256D3}
	EndGlobalSection
EndGlobal
